// !$*UTF8*$!
{
	archiveVersion = 1;
	classes = {
	};
	objectVersion = 46;
	objects = {

/* Begin PBXBuildFile section */
		BEC104271AE6B57B00D1CFF2 /* main.m in Sources */ = {isa = PBXBuildFile; fileRef = BEC104261AE6B57B00D1CFF2 /* main.m */; };
		BEC1042A1AE6B57B00D1CFF2 /* AppDelegate.m in Sources */ = {isa = PBXBuildFile; fileRef = BEC104291AE6B57B00D1CFF2 /* AppDelegate.m */; };
		BEC1042D1AE6B57B00D1CFF2 /* ViewController.m in Sources */ = {isa = PBXBuildFile; fileRef = BEC1042C1AE6B57B00D1CFF2 /* ViewController.m */; };
		BEC104301AE6B57B00D1CFF2 /* Main.storyboard in Resources */ = {isa = PBXBuildFile; fileRef = BEC1042E1AE6B57B00D1CFF2 /* Main.storyboard */; };
		BEC104321AE6B57B00D1CFF2 /* Images.xcassets in Resources */ = {isa = PBXBuildFile; fileRef = BEC104311AE6B57B00D1CFF2 /* Images.xcassets */; };
		BEC104351AE6B57B00D1CFF2 /* LaunchScreen.xib in Resources */ = {isa = PBXBuildFile; fileRef = BEC104331AE6B57B00D1CFF2 /* LaunchScreen.xib */; };
		BEC104411AE6B57B00D1CFF2 /* sampleSolverTests.m in Sources */ = {isa = PBXBuildFile; fileRef = BEC104401AE6B57B00D1CFF2 /* sampleSolverTests.m */; };
/* End PBXBuildFile section */

/* Begin PBXContainerItemProxy section */
		BEC1043B1AE6B57B00D1CFF2 /* PBXContainerItemProxy */ = {
			isa = PBXContainerItemProxy;
			containerPortal = BEC104191AE6B57B00D1CFF2 /* Project object */;
			proxyType = 1;
			remoteGlobalIDString = BEC104201AE6B57B00D1CFF2;
			remoteInfo = sampleSolver;
		};
/* End PBXContainerItemProxy section */

/* Begin PBXFileReference section */
		BEC104211AE6B57B00D1CFF2 /* sampleSolver.app */ = {isa = PBXFileReference; explicitFileType = wrapper.application; includeInIndex = 0; path = sampleSolver.app; sourceTree = BUILT_PRODUCTS_DIR; };
		BEC104251AE6B57B00D1CFF2 /* Info.plist */ = {isa = PBXFileReference; lastKnownFileType = text.plist.xml; path = Info.plist; sourceTree = "<group>"; };
		BEC104261AE6B57B00D1CFF2 /* main.m */ = {isa = PBXFileReference; lastKnownFileType = sourcecode.c.objc; path = main.m; sourceTree = "<group>"; };
		BEC104281AE6B57B00D1CFF2 /* AppDelegate.h */ = {isa = PBXFileReference; lastKnownFileType = sourcecode.c.h; path = AppDelegate.h; sourceTree = "<group>"; };
		BEC104291AE6B57B00D1CFF2 /* AppDelegate.m */ = {isa = PBXFileReference; lastKnownFileType = sourcecode.c.objc; path = AppDelegate.m; sourceTree = "<group>"; };
		BEC1042B1AE6B57B00D1CFF2 /* ViewController.h */ = {isa = PBXFileReference; lastKnownFileType = sourcecode.c.h; path = ViewController.h; sourceTree = "<group>"; };
		BEC1042C1AE6B57B00D1CFF2 /* ViewController.m */ = {isa = PBXFileReference; lastKnownFileType = sourcecode.c.objc; path = ViewController.m; sourceTree = "<group>"; };
		BEC1042F1AE6B57B00D1CFF2 /* Base */ = {isa = PBXFileReference; lastKnownFileType = file.storyboard; name = Base; path = Base.lproj/Main.storyboard; sourceTree = "<group>"; };
		BEC104311AE6B57B00D1CFF2 /* Images.xcassets */ = {isa = PBXFileReference; lastKnownFileType = folder.assetcatalog; path = Images.xcassets; sourceTree = "<group>"; };
		BEC104341AE6B57B00D1CFF2 /* Base */ = {isa = PBXFileReference; lastKnownFileType = file.xib; name = Base; path = Base.lproj/LaunchScreen.xib; sourceTree = "<group>"; };
		BEC1043A1AE6B57B00D1CFF2 /* sampleSolverTests.xctest */ = {isa = PBXFileReference; explicitFileType = wrapper.cfbundle; includeInIndex = 0; path = sampleSolverTests.xctest; sourceTree = BUILT_PRODUCTS_DIR; };
		BEC1043F1AE6B57B00D1CFF2 /* Info.plist */ = {isa = PBXFileReference; lastKnownFileType = text.plist.xml; path = Info.plist; sourceTree = "<group>"; };
		BEC104401AE6B57B00D1CFF2 /* sampleSolverTests.m */ = {isa = PBXFileReference; lastKnownFileType = sourcecode.c.objc; path = sampleSolverTests.m; sourceTree = "<group>"; };
/* End PBXFileReference section */

/* Begin PBXFrameworksBuildPhase section */
		BEC1041E1AE6B57B00D1CFF2 /* Frameworks */ = {
			isa = PBXFrameworksBuildPhase;
			buildActionMask = 2147483647;
			files = (
			);
			runOnlyForDeploymentPostprocessing = 0;
		};
		BEC104371AE6B57B00D1CFF2 /* Frameworks */ = {
			isa = PBXFrameworksBuildPhase;
			buildActionMask = 2147483647;
			files = (
			);
			runOnlyForDeploymentPostprocessing = 0;
		};
/* End PBXFrameworksBuildPhase section */

/* Begin PBXGroup section */
		BEC104181AE6B57B00D1CFF2 = {
			isa = PBXGroup;
			children = (
				BEC104231AE6B57B00D1CFF2 /* sampleSolver */,
				BEC1043D1AE6B57B00D1CFF2 /* sampleSolverTests */,
				BEC104221AE6B57B00D1CFF2 /* Products */,
			);
			sourceTree = "<group>";
		};
		BEC104221AE6B57B00D1CFF2 /* Products */ = {
			isa = PBXGroup;
			children = (
				BEC104211AE6B57B00D1CFF2 /* sampleSolver.app */,
				BEC1043A1AE6B57B00D1CFF2 /* sampleSolverTests.xctest */,
			);
			name = Products;
			sourceTree = "<group>";
		};
		BEC104231AE6B57B00D1CFF2 /* sampleSolver */ = {
			isa = PBXGroup;
			children = (
				BEC104281AE6B57B00D1CFF2 /* AppDelegate.h */,
				BEC104291AE6B57B00D1CFF2 /* AppDelegate.m */,
				BEC1042B1AE6B57B00D1CFF2 /* ViewController.h */,
				BEC1042C1AE6B57B00D1CFF2 /* ViewController.m */,
				BEC1042E1AE6B57B00D1CFF2 /* Main.storyboard */,
				BEC104311AE6B57B00D1CFF2 /* Images.xcassets */,
				BEC104331AE6B57B00D1CFF2 /* LaunchScreen.xib */,
				BEC104241AE6B57B00D1CFF2 /* Supporting Files */,
			);
			path = sampleSolver;
			sourceTree = "<group>";
		};
		BEC104241AE6B57B00D1CFF2 /* Supporting Files */ = {
			isa = PBXGroup;
			children = (
				BEC104251AE6B57B00D1CFF2 /* Info.plist */,
				BEC104261AE6B57B00D1CFF2 /* main.m */,
			);
			name = "Supporting Files";
			sourceTree = "<group>";
		};
		BEC1043D1AE6B57B00D1CFF2 /* sampleSolverTests */ = {
			isa = PBXGroup;
			children = (
				BEC104401AE6B57B00D1CFF2 /* sampleSolverTests.m */,
				BEC1043E1AE6B57B00D1CFF2 /* Supporting Files */,
			);
			path = sampleSolverTests;
			sourceTree = "<group>";
		};
		BEC1043E1AE6B57B00D1CFF2 /* Supporting Files */ = {
			isa = PBXGroup;
			children = (
				BEC1043F1AE6B57B00D1CFF2 /* Info.plist */,
			);
			name = "Supporting Files";
			sourceTree = "<group>";
		};
/* End PBXGroup section */

/* Begin PBXNativeTarget section */
		BEC104201AE6B57B00D1CFF2 /* sampleSolver */ = {
			isa = PBXNativeTarget;
			buildConfigurationList = BEC104441AE6B57B00D1CFF2 /* Build configuration list for PBXNativeTarget "sampleSolver" */;
			buildPhases = (
				BEC1041D1AE6B57B00D1CFF2 /* Sources */,
				BEC1041E1AE6B57B00D1CFF2 /* Frameworks */,
				BEC1041F1AE6B57B00D1CFF2 /* Resources */,
			);
			buildRules = (
			);
			dependencies = (
			);
			name = sampleSolver;
			productName = sampleSolver;
			productReference = BEC104211AE6B57B00D1CFF2 /* sampleSolver.app */;
			productType = "com.apple.product-type.application";
		};
		BEC104391AE6B57B00D1CFF2 /* sampleSolverTests */ = {
			isa = PBXNativeTarget;
			buildConfigurationList = BEC104471AE6B57B00D1CFF2 /* Build configuration list for PBXNativeTarget "sampleSolverTests" */;
			buildPhases = (
				BEC104361AE6B57B00D1CFF2 /* Sources */,
				BEC104371AE6B57B00D1CFF2 /* Frameworks */,
				BEC104381AE6B57B00D1CFF2 /* Resources */,
			);
			buildRules = (
			);
			dependencies = (
				BEC1043C1AE6B57B00D1CFF2 /* PBXTargetDependency */,
			);
			name = sampleSolverTests;
			productName = sampleSolverTests;
			productReference = BEC1043A1AE6B57B00D1CFF2 /* sampleSolverTests.xctest */;
			productType = "com.apple.product-type.bundle.unit-test";
		};
/* End PBXNativeTarget section */

/* Begin PBXProject section */
		BEC104191AE6B57B00D1CFF2 /* Project object */ = {
			isa = PBXProject;
			attributes = {
				LastUpgradeCheck = 0610;
				ORGANIZATIONNAME = Itelligrape;
				TargetAttributes = {
					BEC104201AE6B57B00D1CFF2 = {
						CreatedOnToolsVersion = 6.1.1;
					};
					BEC104391AE6B57B00D1CFF2 = {
						CreatedOnToolsVersion = 6.1.1;
						TestTargetID = BEC104201AE6B57B00D1CFF2;
					};
				};
			};
			buildConfigurationList = BEC1041C1AE6B57B00D1CFF2 /* Build configuration list for PBXProject "sampleSolver" */;
			compatibilityVersion = "Xcode 3.2";
			developmentRegion = English;
			hasScannedForEncodings = 0;
			knownRegions = (
				en,
				Base,
			);
			mainGroup = BEC104181AE6B57B00D1CFF2;
			productRefGroup = BEC104221AE6B57B00D1CFF2 /* Products */;
			projectDirPath = "";
			projectRoot = "";
			targets = (
				BEC104201AE6B57B00D1CFF2 /* sampleSolver */,
				BEC104391AE6B57B00D1CFF2 /* sampleSolverTests */,
			);
		};
/* End PBXProject section */

/* Begin PBXResourcesBuildPhase section */
		BEC1041F1AE6B57B00D1CFF2 /* Resources */ = {
			isa = PBXResourcesBuildPhase;
			buildActionMask = 2147483647;
			files = (
				BEC104301AE6B57B00D1CFF2 /* Main.storyboard in Resources */,
				BEC104351AE6B57B00D1CFF2 /* LaunchScreen.xib in Resources */,
				BEC104321AE6B57B00D1CFF2 /* Images.xcassets in Resources */,
			);
			runOnlyForDeploymentPostprocessing = 0;
		};
		BEC104381AE6B57B00D1CFF2 /* Resources */ = {
			isa = PBXResourcesBuildPhase;
			buildActionMask = 2147483647;
			files = (
			);
			runOnlyForDeploymentPostprocessing = 0;
		};
/* End PBXResourcesBuildPhase section */

/* Begin PBXSourcesBuildPhase section */
		BEC1041D1AE6B57B00D1CFF2 /* Sources */ = {
			isa = PBXSourcesBuildPhase;
			buildActionMask = 2147483647;
			files = (
				BEC1042D1AE6B57B00D1CFF2 /* ViewController.m in Sources */,
				BEC1042A1AE6B57B00D1CFF2 /* AppDelegate.m in Sources */,
				BEC104271AE6B57B00D1CFF2 /* main.m in Sources */,
			);
			runOnlyForDeploymentPostprocessing = 0;
		};
		BEC104361AE6B57B00D1CFF2 /* Sources */ = {
			isa = PBXSourcesBuildPhase;
			buildActionMask = 2147483647;
			files = (
				BEC104411AE6B57B00D1CFF2 /* sampleSolverTests.m in Sources */,
			);
			runOnlyForDeploymentPostprocessing = 0;
		};
/* End PBXSourcesBuildPhase section */

/* Begin PBXTargetDependency section */
		BEC1043C1AE6B57B00D1CFF2 /* PBXTargetDependency */ = {
			isa = PBXTargetDependency;
			target = BEC104201AE6B57B00D1CFF2 /* sampleSolver */;
			targetProxy = BEC1043B1AE6B57B00D1CFF2 /* PBXContainerItemProxy */;
		};
/* End PBXTargetDependency section */

/* Begin PBXVariantGroup section */
		BEC1042E1AE6B57B00D1CFF2 /* Main.storyboard */ = {
			isa = PBXVariantGroup;
			children = (
				BEC1042F1AE6B57B00D1CFF2 /* Base */,
			);
			name = Main.storyboard;
			sourceTree = "<group>";
		};
		BEC104331AE6B57B00D1CFF2 /* LaunchScreen.xib */ = {
			isa = PBXVariantGroup;
			children = (
				BEC104341AE6B57B00D1CFF2 /* Base */,
			);
			name = LaunchScreen.xib;
			sourceTree = "<group>";
		};
/* End PBXVariantGroup section */

/* Begin XCBuildConfiguration section */
		BEC104421AE6B57B00D1CFF2 /* Debug */ = {
			isa = XCBuildConfiguration;
			buildSettings = {
				ALWAYS_SEARCH_USER_PATHS = NO;
				CLANG_CXX_LANGUAGE_STANDARD = "gnu++0x";
				CLANG_CXX_LIBRARY = "libc++";
				CLANG_ENABLE_MODULES = YES;
				CLANG_ENABLE_OBJC_ARC = YES;
				CLANG_WARN_BOOL_CONVERSION = YES;
				CLANG_WARN_CONSTANT_CONVERSION = YES;
				CLANG_WARN_DIRECT_OBJC_ISA_USAGE = YES_ERROR;
				CLANG_WARN_EMPTY_BODY = YES;
				CLANG_WARN_ENUM_CONVERSION = YES;
				CLANG_WARN_INT_CONVERSION = YES;
				CLANG_WARN_OBJC_ROOT_CLASS = YES_ERROR;
				CLANG_WARN_UNREACHABLE_CODE = YES;
				CLANG_WARN__DUPLICATE_METHOD_MATCH = YES;
				"CODE_SIGN_IDENTITY[sdk=iphoneos*]" = "iPhone Developer";
				COPY_PHASE_STRIP = NO;
				ENABLE_STRICT_OBJC_MSGSEND = YES;
				GCC_C_LANGUAGE_STANDARD = gnu99;
				GCC_DYNAMIC_NO_PIC = NO;
				GCC_OPTIMIZATION_LEVEL = 0;
				GCC_PREPROCESSOR_DEFINITIONS = (
					"DEBUG=1",
					"$(inherited)",
				);
				GCC_SYMBOLS_PRIVATE_EXTERN = NO;
				GCC_WARN_64_TO_32_BIT_CONVERSION = YES;
				GCC_WARN_ABOUT_RETURN_TYPE = YES_ERROR;
				GCC_WARN_UNDECLARED_SELECTOR = YES;
				GCC_WARN_UNINITIALIZED_AUTOS = YES_AGGRESSIVE;
				GCC_WARN_UNUSED_FUNCTION = YES;
				GCC_WARN_UNUSED_VARIABLE = YES;
				IPHONEOS_DEPLOYMENT_TARGET = 8.1;
				MTL_ENABLE_DEBUG_INFO = YES;
				ONLY_ACTIVE_ARCH = YES;
				SDKROOT = iphoneos;
			};
			name = Debug;
		};
		BEC104431AE6B57B00D1CFF2 /* Release */ = {
			isa = XCBuildConfiguration;
			buildSettings = {
				ALWAYS_SEARCH_USER_PATHS = NO;
				CLANG_CXX_LANGUAGE_STANDARD = "gnu++0x";
				CLANG_CXX_LIBRARY = "libc++";
				CLANG_ENABLE_MODULES = YES;
				CLANG_ENABLE_OBJC_ARC = YES;
				CLANG_WARN_BOOL_CONVERSION = YES;
				CLANG_WARN_CONSTANT_CONVERSION = YES;
				CLANG_WARN_DIRECT_OBJC_ISA_USAGE = YES_ERROR;
				CLANG_WARN_EMPTY_BODY = YES;
				CLANG_WARN_ENUM_CONVERSION = YES;
				CLANG_WARN_INT_CONVERSION = YES;
				CLANG_WARN_OBJC_ROOT_CLASS = YES_ERROR;
				CLANG_WARN_UNREACHABLE_CODE = YES;
				CLANG_WARN__DUPLICATE_METHOD_MATCH = YES;
				"CODE_SIGN_IDENTITY[sdk=iphoneos*]" = "iPhone Developer";
				COPY_PHASE_STRIP = YES;
				ENABLE_NS_ASSERTIONS = NO;
				ENABLE_STRICT_OBJC_MSGSEND = YES;
				GCC_C_LANGUAGE_STANDARD = gnu99;
				GCC_WARN_64_TO_32_BIT_CONVERSION = YES;
				GCC_WARN_ABOUT_RETURN_TYPE = YES_ERROR;
				GCC_WARN_UNDECLARED_SELECTOR = YES;
				GCC_WARN_UNINITIALIZED_AUTOS = YES_AGGRESSIVE;
				GCC_WARN_UNUSED_FUNCTION = YES;
				GCC_WARN_UNUSED_VARIABLE = YES;
				IPHONEOS_DEPLOYMENT_TARGET = 8.1;
				MTL_ENABLE_DEBUG_INFO = NO;
				SDKROOT = iphoneos;
				VALIDATE_PRODUCT = YES;
			};
			name = Release;
		};
		BEC104451AE6B57B00D1CFF2 /* Debug */ = {
			isa = XCBuildConfiguration;
			buildSettings = {
				ASSETCATALOG_COMPILER_APPICON_NAME = AppIcon;
				INFOPLIST_FILE = sampleSolver/Info.plist;
				LD_RUNPATH_SEARCH_PATHS = "$(inherited) @executable_path/Frameworks";
				PRODUCT_NAME = "$(TARGET_NAME)";
			};
			name = Debug;
		};
		BEC104461AE6B57B00D1CFF2 /* Release */ = {
			isa = XCBuildConfiguration;
			buildSettings = {
				ASSETCATALOG_COMPILER_APPICON_NAME = AppIcon;
				INFOPLIST_FILE = sampleSolver/Info.plist;
				LD_RUNPATH_SEARCH_PATHS = "$(inherited) @executable_path/Frameworks";
				PRODUCT_NAME = "$(TARGET_NAME)";
			};
			name = Release;
		};
		BEC104481AE6B57B00D1CFF2 /* Debug */ = {
			isa = XCBuildConfiguration;
			buildSettings = {
				BUNDLE_LOADER = "$(TEST_HOST)";
				FRAMEWORK_SEARCH_PATHS = (
					"$(SDKROOT)/Developer/Library/Frameworks",
					"$(inherited)",
				);
				GCC_PREPROCESSOR_DEFINITIONS = (
					"DEBUG=1",
					"$(inherited)",
				);
				INFOPLIST_FILE = sampleSolverTests/Info.plist;
				LD_RUNPATH_SEARCH_PATHS = "$(inherited) @executable_path/Frameworks @loader_path/Frameworks";
				PRODUCT_NAME = "$(TARGET_NAME)";
				TEST_HOST = "$(BUILT_PRODUCTS_DIR)/sampleSolver.app/sampleSolver";
			};
			name = Debug;
		};
		BEC104491AE6B57B00D1CFF2 /* Release */ = {
			isa = XCBuildConfiguration;
			buildSettings = {
				BUNDLE_LOADER = "$(TEST_HOST)";
				FRAMEWORK_SEARCH_PATHS = (
					"$(SDKROOT)/Developer/Library/Frameworks",
					"$(inherited)",
				);
				INFOPLIST_FILE = sampleSolverTests/Info.plist;
				LD_RUNPATH_SEARCH_PATHS = "$(inherited) @executable_path/Frameworks @loader_path/Frameworks";
				PRODUCT_NAME = "$(TARGET_NAME)";
				TEST_HOST = "$(BUILT_PRODUCTS_DIR)/sampleSolver.app/sampleSolver";
			};
			name = Release;
		};
/* End XCBuildConfiguration section */

/* Begin XCConfigurationList section */
		BEC1041C1AE6B57B00D1CFF2 /* Build configuration list for PBXProject "sampleSolver" */ = {
			isa = XCConfigurationList;
			buildConfigurations = (
				BEC104421AE6B57B00D1CFF2 /* Debug */,
				BEC104431AE6B57B00D1CFF2 /* Release */,
			);
			defaultConfigurationIsVisible = 0;
			defaultConfigurationName = Release;
		};
		BEC104441AE6B57B00D1CFF2 /* Build configuration list for PBXNativeTarget "sampleSolver" */ = {
			isa = XCConfigurationList;
			buildConfigurations = (
				BEC104451AE6B57B00D1CFF2 /* Debug */,
				BEC104461AE6B57B00D1CFF2 /* Release */,
			);
			defaultConfigurationIsVisible = 0;
		};
		BEC104471AE6B57B00D1CFF2 /* Build configuration list for PBXNativeTarget "sampleSolverTests" */ = {
			isa = XCConfigurationList;
			buildConfigurations = (
				BEC104481AE6B57B00D1CFF2 /* Debug */,
				BEC104491AE6B57B00D1CFF2 /* Release */,
			);
			defaultConfigurationIsVisible = 0;
		};
/* End XCConfigurationList section */
	};
	rootObject = BEC104191AE6B57B00D1CFF2 /* Project object */;
}
